// !$*UTF8*$!
{
	archiveVersion = 1;
	classes = {
	};
	objectVersion = 50;
	objects = {

/* Begin PBXBuildFile section */
		88CF05852607043F00F756D4 /* Tests_iOS.swift in Sources */ = {isa = PBXBuildFile; fileRef = 88CF05842607043F00F756D4 /* Tests_iOS.swift */; };
		88CF05902607043F00F756D4 /* Tests_macOS.swift in Sources */ = {isa = PBXBuildFile; fileRef = 88CF058F2607043F00F756D4 /* Tests_macOS.swift */; };
		88CF05922607043F00F756D4 /* decibel.xcdatamodeld in Sources */ = {isa = PBXBuildFile; fileRef = 88CF05662607043E00F756D4 /* decibel.xcdatamodeld */; };
		88CF05932607043F00F756D4 /* decibel.xcdatamodeld in Sources */ = {isa = PBXBuildFile; fileRef = 88CF05662607043E00F756D4 /* decibel.xcdatamodeld */; };
		88CF05942607043F00F756D4 /* DecibelApp.swift in Sources */ = {isa = PBXBuildFile; fileRef = 88CF05682607043E00F756D4 /* DecibelApp.swift */; };
		88CF05952607043F00F756D4 /* DecibelApp.swift in Sources */ = {isa = PBXBuildFile; fileRef = 88CF05682607043E00F756D4 /* DecibelApp.swift */; };
		88CF05962607043F00F756D4 /* ContentView.swift in Sources */ = {isa = PBXBuildFile; fileRef = 88CF05692607043E00F756D4 /* ContentView.swift */; };
		88CF05972607043F00F756D4 /* ContentView.swift in Sources */ = {isa = PBXBuildFile; fileRef = 88CF05692607043E00F756D4 /* ContentView.swift */; };
		88CF05982607043F00F756D4 /* Persistence.swift in Sources */ = {isa = PBXBuildFile; fileRef = 88CF056A2607043E00F756D4 /* Persistence.swift */; };
		88CF05992607043F00F756D4 /* Persistence.swift in Sources */ = {isa = PBXBuildFile; fileRef = 88CF056A2607043E00F756D4 /* Persistence.swift */; };
		88CF059A2607043F00F756D4 /* Assets.xcassets in Resources */ = {isa = PBXBuildFile; fileRef = 88CF056B2607043F00F756D4 /* Assets.xcassets */; };
		88CF059B2607043F00F756D4 /* Assets.xcassets in Resources */ = {isa = PBXBuildFile; fileRef = 88CF056B2607043F00F756D4 /* Assets.xcassets */; };
		88CF05B92607064000F756D4 /* CloudKit.framework in Frameworks */ = {isa = PBXBuildFile; fileRef = 88CF05B82607064000F756D4 /* CloudKit.framework */; };
		88CF05BB2607064400F756D4 /* CloudKit.framework in Frameworks */ = {isa = PBXBuildFile; fileRef = 88CF05BA2607064400F756D4 /* CloudKit.framework */; };
		88CF05CD2607BA9A00F756D4 /* Eavesdrop.swift in Sources */ = {isa = PBXBuildFile; fileRef = 88CF05CC2607BA9A00F756D4 /* Eavesdrop.swift */; };
		88CF05CE2607BA9A00F756D4 /* Eavesdrop.swift in Sources */ = {isa = PBXBuildFile; fileRef = 88CF05CC2607BA9A00F756D4 /* Eavesdrop.swift */; };
/* End PBXBuildFile section */

/* Begin PBXContainerItemProxy section */
		88CF05812607043F00F756D4 /* PBXContainerItemProxy */ = {
			isa = PBXContainerItemProxy;
			containerPortal = 88CF05612607043E00F756D4 /* Project object */;
			proxyType = 1;
			remoteGlobalIDString = 88CF056F2607043F00F756D4;
			remoteInfo = "decibel (iOS)";
		};
		88CF058C2607043F00F756D4 /* PBXContainerItemProxy */ = {
			isa = PBXContainerItemProxy;
			containerPortal = 88CF05612607043E00F756D4 /* Project object */;
			proxyType = 1;
			remoteGlobalIDString = 88CF05772607043F00F756D4;
			remoteInfo = "decibel (macOS)";
		};
/* End PBXContainerItemProxy section */

/* Begin PBXFileReference section */
		88CF05672607043E00F756D4 /* Shared.xcdatamodel */ = {isa = PBXFileReference; lastKnownFileType = wrapper.xcdatamodel; path = Shared.xcdatamodel; sourceTree = "<group>"; };
		88CF05682607043E00F756D4 /* DecibelApp.swift */ = {isa = PBXFileReference; lastKnownFileType = sourcecode.swift; path = DecibelApp.swift; sourceTree = "<group>"; };
		88CF05692607043E00F756D4 /* ContentView.swift */ = {isa = PBXFileReference; lastKnownFileType = sourcecode.swift; path = ContentView.swift; sourceTree = "<group>"; };
		88CF056A2607043E00F756D4 /* Persistence.swift */ = {isa = PBXFileReference; lastKnownFileType = sourcecode.swift; path = Persistence.swift; sourceTree = "<group>"; };
		88CF056B2607043F00F756D4 /* Assets.xcassets */ = {isa = PBXFileReference; lastKnownFileType = folder.assetcatalog; path = Assets.xcassets; sourceTree = "<group>"; };
		88CF05702607043F00F756D4 /* decibel.app */ = {isa = PBXFileReference; explicitFileType = wrapper.application; includeInIndex = 0; path = decibel.app; sourceTree = BUILT_PRODUCTS_DIR; };
		88CF05732607043F00F756D4 /* Info.plist */ = {isa = PBXFileReference; lastKnownFileType = text.plist.xml; path = Info.plist; sourceTree = "<group>"; };
		88CF05782607043F00F756D4 /* decibel.app */ = {isa = PBXFileReference; explicitFileType = wrapper.application; includeInIndex = 0; path = decibel.app; sourceTree = BUILT_PRODUCTS_DIR; };
		88CF057A2607043F00F756D4 /* Info.plist */ = {isa = PBXFileReference; lastKnownFileType = text.plist.xml; path = Info.plist; sourceTree = "<group>"; };
		88CF057B2607043F00F756D4 /* macOS.entitlements */ = {isa = PBXFileReference; lastKnownFileType = text.plist.entitlements; path = macOS.entitlements; sourceTree = "<group>"; };
		88CF05802607043F00F756D4 /* Tests iOS.xctest */ = {isa = PBXFileReference; explicitFileType = wrapper.cfbundle; includeInIndex = 0; path = "Tests iOS.xctest"; sourceTree = BUILT_PRODUCTS_DIR; };
		88CF05842607043F00F756D4 /* Tests_iOS.swift */ = {isa = PBXFileReference; lastKnownFileType = sourcecode.swift; path = Tests_iOS.swift; sourceTree = "<group>"; };
		88CF05862607043F00F756D4 /* Info.plist */ = {isa = PBXFileReference; lastKnownFileType = text.plist.xml; path = Info.plist; sourceTree = "<group>"; };
		88CF058B2607043F00F756D4 /* Tests macOS.xctest */ = {isa = PBXFileReference; explicitFileType = wrapper.cfbundle; includeInIndex = 0; path = "Tests macOS.xctest"; sourceTree = BUILT_PRODUCTS_DIR; };
		88CF058F2607043F00F756D4 /* Tests_macOS.swift */ = {isa = PBXFileReference; lastKnownFileType = sourcecode.swift; path = Tests_macOS.swift; sourceTree = "<group>"; };
		88CF05912607043F00F756D4 /* Info.plist */ = {isa = PBXFileReference; lastKnownFileType = text.plist.xml; path = Info.plist; sourceTree = "<group>"; };
		88CF05B2260705D600F756D4 /* decibel.entitlements */ = {isa = PBXFileReference; lastKnownFileType = text.plist.entitlements; path = decibel.entitlements; sourceTree = "<group>"; };
		88CF05B82607064000F756D4 /* CloudKit.framework */ = {isa = PBXFileReference; lastKnownFileType = wrapper.framework; name = CloudKit.framework; path = System/Library/Frameworks/CloudKit.framework; sourceTree = SDKROOT; };
		88CF05BA2607064400F756D4 /* CloudKit.framework */ = {isa = PBXFileReference; lastKnownFileType = wrapper.framework; name = CloudKit.framework; path = Platforms/iPhoneOS.platform/Developer/SDKs/iPhoneOS14.4.sdk/System/Library/Frameworks/CloudKit.framework; sourceTree = DEVELOPER_DIR; };
		88CF05CC2607BA9A00F756D4 /* Eavesdrop.swift */ = {isa = PBXFileReference; lastKnownFileType = sourcecode.swift; path = Eavesdrop.swift; sourceTree = "<group>"; };
/* End PBXFileReference section */

/* Begin PBXFrameworksBuildPhase section */
		88CF056D2607043F00F756D4 /* Frameworks */ = {
			isa = PBXFrameworksBuildPhase;
			buildActionMask = 2147483647;
			files = (
				88CF05BB2607064400F756D4 /* CloudKit.framework in Frameworks */,
			);
			runOnlyForDeploymentPostprocessing = 0;
		};
		88CF05752607043F00F756D4 /* Frameworks */ = {
			isa = PBXFrameworksBuildPhase;
			buildActionMask = 2147483647;
			files = (
				88CF05B92607064000F756D4 /* CloudKit.framework in Frameworks */,
			);
			runOnlyForDeploymentPostprocessing = 0;
		};
		88CF057D2607043F00F756D4 /* Frameworks */ = {
			isa = PBXFrameworksBuildPhase;
			buildActionMask = 2147483647;
			files = (
			);
			runOnlyForDeploymentPostprocessing = 0;
		};
		88CF05882607043F00F756D4 /* Frameworks */ = {
			isa = PBXFrameworksBuildPhase;
			buildActionMask = 2147483647;
			files = (
			);
			runOnlyForDeploymentPostprocessing = 0;
		};
/* End PBXFrameworksBuildPhase section */

/* Begin PBXGroup section */
		88CF05602607043E00F756D4 = {
			isa = PBXGroup;
			children = (
				88CF05B2260705D600F756D4 /* decibel.entitlements */,
				88CF05652607043E00F756D4 /* Shared */,
				88CF05722607043F00F756D4 /* iOS */,
				88CF05792607043F00F756D4 /* macOS */,
				88CF05832607043F00F756D4 /* Tests iOS */,
				88CF058E2607043F00F756D4 /* Tests macOS */,
				88CF05712607043F00F756D4 /* Products */,
				88CF05B72607064000F756D4 /* Frameworks */,
			);
			sourceTree = "<group>";
		};
		88CF05652607043E00F756D4 /* Shared */ = {
			isa = PBXGroup;
			children = (
				88CF05682607043E00F756D4 /* DecibelApp.swift */,
				88CF05692607043E00F756D4 /* ContentView.swift */,
				88CF056A2607043E00F756D4 /* Persistence.swift */,
				88CF056B2607043F00F756D4 /* Assets.xcassets */,
				88CF05662607043E00F756D4 /* decibel.xcdatamodeld */,
				88CF05CC2607BA9A00F756D4 /* Eavesdrop.swift */,
			);
			path = Shared;
			sourceTree = "<group>";
		};
		88CF05712607043F00F756D4 /* Products */ = {
			isa = PBXGroup;
			children = (
				88CF05702607043F00F756D4 /* decibel.app */,
				88CF05782607043F00F756D4 /* decibel.app */,
				88CF05802607043F00F756D4 /* Tests iOS.xctest */,
				88CF058B2607043F00F756D4 /* Tests macOS.xctest */,
			);
			name = Products;
			sourceTree = "<group>";
		};
		88CF05722607043F00F756D4 /* iOS */ = {
			isa = PBXGroup;
			children = (
				88CF05732607043F00F756D4 /* Info.plist */,
			);
			path = iOS;
			sourceTree = "<group>";
		};
		88CF05792607043F00F756D4 /* macOS */ = {
			isa = PBXGroup;
			children = (
				88CF057A2607043F00F756D4 /* Info.plist */,
				88CF057B2607043F00F756D4 /* macOS.entitlements */,
			);
			path = macOS;
			sourceTree = "<group>";
		};
		88CF05832607043F00F756D4 /* Tests iOS */ = {
			isa = PBXGroup;
			children = (
				88CF05842607043F00F756D4 /* Tests_iOS.swift */,
				88CF05862607043F00F756D4 /* Info.plist */,
			);
			path = "Tests iOS";
			sourceTree = "<group>";
		};
		88CF058E2607043F00F756D4 /* Tests macOS */ = {
			isa = PBXGroup;
			children = (
				88CF058F2607043F00F756D4 /* Tests_macOS.swift */,
				88CF05912607043F00F756D4 /* Info.plist */,
			);
			path = "Tests macOS";
			sourceTree = "<group>";
		};
		88CF05B72607064000F756D4 /* Frameworks */ = {
			isa = PBXGroup;
			children = (
				88CF05BA2607064400F756D4 /* CloudKit.framework */,
				88CF05B82607064000F756D4 /* CloudKit.framework */,
			);
			name = Frameworks;
			sourceTree = "<group>";
		};
/* End PBXGroup section */

/* Begin PBXNativeTarget section */
		88CF056F2607043F00F756D4 /* decibel (iOS) */ = {
			isa = PBXNativeTarget;
			buildConfigurationList = 88CF059E2607043F00F756D4 /* Build configuration list for PBXNativeTarget "decibel (iOS)" */;
			buildPhases = (
				88CF056C2607043F00F756D4 /* Sources */,
				88CF056D2607043F00F756D4 /* Frameworks */,
				88CF056E2607043F00F756D4 /* Resources */,
			);
			buildRules = (
			);
			dependencies = (
			);
			name = "decibel (iOS)";
			productName = "decibel (iOS)";
			productReference = 88CF05702607043F00F756D4 /* decibel.app */;
			productType = "com.apple.product-type.application";
		};
		88CF05772607043F00F756D4 /* decibel (macOS) */ = {
			isa = PBXNativeTarget;
			buildConfigurationList = 88CF05A12607043F00F756D4 /* Build configuration list for PBXNativeTarget "decibel (macOS)" */;
			buildPhases = (
				88CF05742607043F00F756D4 /* Sources */,
				88CF05752607043F00F756D4 /* Frameworks */,
				88CF05762607043F00F756D4 /* Resources */,
			);
			buildRules = (
			);
			dependencies = (
			);
			name = "decibel (macOS)";
			productName = "decibel (macOS)";
			productReference = 88CF05782607043F00F756D4 /* decibel.app */;
			productType = "com.apple.product-type.application";
		};
		88CF057F2607043F00F756D4 /* Tests iOS */ = {
			isa = PBXNativeTarget;
			buildConfigurationList = 88CF05A42607043F00F756D4 /* Build configuration list for PBXNativeTarget "Tests iOS" */;
			buildPhases = (
				88CF057C2607043F00F756D4 /* Sources */,
				88CF057D2607043F00F756D4 /* Frameworks */,
				88CF057E2607043F00F756D4 /* Resources */,
			);
			buildRules = (
			);
			dependencies = (
				88CF05822607043F00F756D4 /* PBXTargetDependency */,
			);
			name = "Tests iOS";
			productName = "Tests iOS";
			productReference = 88CF05802607043F00F756D4 /* Tests iOS.xctest */;
			productType = "com.apple.product-type.bundle.ui-testing";
		};
		88CF058A2607043F00F756D4 /* Tests macOS */ = {
			isa = PBXNativeTarget;
			buildConfigurationList = 88CF05A72607043F00F756D4 /* Build configuration list for PBXNativeTarget "Tests macOS" */;
			buildPhases = (
				88CF05872607043F00F756D4 /* Sources */,
				88CF05882607043F00F756D4 /* Frameworks */,
				88CF05892607043F00F756D4 /* Resources */,
			);
			buildRules = (
			);
			dependencies = (
				88CF058D2607043F00F756D4 /* PBXTargetDependency */,
			);
			name = "Tests macOS";
			productName = "Tests macOS";
			productReference = 88CF058B2607043F00F756D4 /* Tests macOS.xctest */;
			productType = "com.apple.product-type.bundle.ui-testing";
		};
/* End PBXNativeTarget section */

/* Begin PBXProject section */
		88CF05612607043E00F756D4 /* Project object */ = {
			isa = PBXProject;
			attributes = {
				LastSwiftUpdateCheck = 1240;
				LastUpgradeCheck = 1240;
				TargetAttributes = {
					88CF056F2607043F00F756D4 = {
						CreatedOnToolsVersion = 12.4;
					};
					88CF05772607043F00F756D4 = {
						CreatedOnToolsVersion = 12.4;
					};
					88CF057F2607043F00F756D4 = {
						CreatedOnToolsVersion = 12.4;
						TestTargetID = 88CF056F2607043F00F756D4;
					};
					88CF058A2607043F00F756D4 = {
						CreatedOnToolsVersion = 12.4;
						TestTargetID = 88CF05772607043F00F756D4;
					};
				};
			};
			buildConfigurationList = 88CF05642607043E00F756D4 /* Build configuration list for PBXProject "decibel" */;
			compatibilityVersion = "Xcode 9.3";
			developmentRegion = en;
			hasScannedForEncodings = 0;
			knownRegions = (
				en,
				Base,
			);
			mainGroup = 88CF05602607043E00F756D4;
			productRefGroup = 88CF05712607043F00F756D4 /* Products */;
			projectDirPath = "";
			projectRoot = "";
			targets = (
				88CF056F2607043F00F756D4 /* decibel (iOS) */,
				88CF05772607043F00F756D4 /* decibel (macOS) */,
				88CF057F2607043F00F756D4 /* Tests iOS */,
				88CF058A2607043F00F756D4 /* Tests macOS */,
			);
		};
/* End PBXProject section */

/* Begin PBXResourcesBuildPhase section */
		88CF056E2607043F00F756D4 /* Resources */ = {
			isa = PBXResourcesBuildPhase;
			buildActionMask = 2147483647;
			files = (
				88CF059A2607043F00F756D4 /* Assets.xcassets in Resources */,
			);
			runOnlyForDeploymentPostprocessing = 0;
		};
		88CF05762607043F00F756D4 /* Resources */ = {
			isa = PBXResourcesBuildPhase;
			buildActionMask = 2147483647;
			files = (
				88CF059B2607043F00F756D4 /* Assets.xcassets in Resources */,
			);
			runOnlyForDeploymentPostprocessing = 0;
		};
		88CF057E2607043F00F756D4 /* Resources */ = {
			isa = PBXResourcesBuildPhase;
			buildActionMask = 2147483647;
			files = (
			);
			runOnlyForDeploymentPostprocessing = 0;
		};
		88CF05892607043F00F756D4 /* Resources */ = {
			isa = PBXResourcesBuildPhase;
			buildActionMask = 2147483647;
			files = (
			);
			runOnlyForDeploymentPostprocessing = 0;
		};
/* End PBXResourcesBuildPhase section */

/* Begin PBXSourcesBuildPhase section */
		88CF056C2607043F00F756D4 /* Sources */ = {
			isa = PBXSourcesBuildPhase;
			buildActionMask = 2147483647;
			files = (
				88CF05942607043F00F756D4 /* DecibelApp.swift in Sources */,
				88CF05982607043F00F756D4 /* Persistence.swift in Sources */,
				88CF05922607043F00F756D4 /* decibel.xcdatamodeld in Sources */,
				88CF05962607043F00F756D4 /* ContentView.swift in Sources */,
				88CF05CD2607BA9A00F756D4 /* Eavesdrop.swift in Sources */,
			);
			runOnlyForDeploymentPostprocessing = 0;
		};
		88CF05742607043F00F756D4 /* Sources */ = {
			isa = PBXSourcesBuildPhase;
			buildActionMask = 2147483647;
			files = (
				88CF05952607043F00F756D4 /* DecibelApp.swift in Sources */,
				88CF05992607043F00F756D4 /* Persistence.swift in Sources */,
				88CF05932607043F00F756D4 /* decibel.xcdatamodeld in Sources */,
				88CF05972607043F00F756D4 /* ContentView.swift in Sources */,
				88CF05CE2607BA9A00F756D4 /* Eavesdrop.swift in Sources */,
			);
			runOnlyForDeploymentPostprocessing = 0;
		};
		88CF057C2607043F00F756D4 /* Sources */ = {
			isa = PBXSourcesBuildPhase;
			buildActionMask = 2147483647;
			files = (
				88CF05852607043F00F756D4 /* Tests_iOS.swift in Sources */,
			);
			runOnlyForDeploymentPostprocessing = 0;
		};
		88CF05872607043F00F756D4 /* Sources */ = {
			isa = PBXSourcesBuildPhase;
			buildActionMask = 2147483647;
			files = (
				88CF05902607043F00F756D4 /* Tests_macOS.swift in Sources */,
			);
			runOnlyForDeploymentPostprocessing = 0;
		};
/* End PBXSourcesBuildPhase section */

/* Begin PBXTargetDependency section */
		88CF05822607043F00F756D4 /* PBXTargetDependency */ = {
			isa = PBXTargetDependency;
			target = 88CF056F2607043F00F756D4 /* decibel (iOS) */;
			targetProxy = 88CF05812607043F00F756D4 /* PBXContainerItemProxy */;
		};
		88CF058D2607043F00F756D4 /* PBXTargetDependency */ = {
			isa = PBXTargetDependency;
			target = 88CF05772607043F00F756D4 /* decibel (macOS) */;
			targetProxy = 88CF058C2607043F00F756D4 /* PBXContainerItemProxy */;
		};
/* End PBXTargetDependency section */

/* Begin XCBuildConfiguration section */
		88CF059C2607043F00F756D4 /* Debug */ = {
			isa = XCBuildConfiguration;
			buildSettings = {
				ALWAYS_SEARCH_USER_PATHS = NO;
				CLANG_ANALYZER_NONNULL = YES;
				CLANG_ANALYZER_NUMBER_OBJECT_CONVERSION = YES_AGGRESSIVE;
				CLANG_CXX_LANGUAGE_STANDARD = "gnu++14";
				CLANG_CXX_LIBRARY = "libc++";
				CLANG_ENABLE_MODULES = YES;
				CLANG_ENABLE_OBJC_ARC = YES;
				CLANG_ENABLE_OBJC_WEAK = YES;
				CLANG_WARN_BLOCK_CAPTURE_AUTORELEASING = YES;
				CLANG_WARN_BOOL_CONVERSION = YES;
				CLANG_WARN_COMMA = YES;
				CLANG_WARN_CONSTANT_CONVERSION = YES;
				CLANG_WARN_DEPRECATED_OBJC_IMPLEMENTATIONS = YES;
				CLANG_WARN_DIRECT_OBJC_ISA_USAGE = YES_ERROR;
				CLANG_WARN_DOCUMENTATION_COMMENTS = YES;
				CLANG_WARN_EMPTY_BODY = YES;
				CLANG_WARN_ENUM_CONVERSION = YES;
				CLANG_WARN_INFINITE_RECURSION = YES;
				CLANG_WARN_INT_CONVERSION = YES;
				CLANG_WARN_NON_LITERAL_NULL_CONVERSION = YES;
				CLANG_WARN_OBJC_IMPLICIT_RETAIN_SELF = YES;
				CLANG_WARN_OBJC_LITERAL_CONVERSION = YES;
				CLANG_WARN_OBJC_ROOT_CLASS = YES_ERROR;
				CLANG_WARN_QUOTED_INCLUDE_IN_FRAMEWORK_HEADER = YES;
				CLANG_WARN_RANGE_LOOP_ANALYSIS = YES;
				CLANG_WARN_STRICT_PROTOTYPES = YES;
				CLANG_WARN_SUSPICIOUS_MOVE = YES;
				CLANG_WARN_UNGUARDED_AVAILABILITY = YES_AGGRESSIVE;
				CLANG_WARN_UNREACHABLE_CODE = YES;
				CLANG_WARN__DUPLICATE_METHOD_MATCH = YES;
				COPY_PHASE_STRIP = NO;
				DEBUG_INFORMATION_FORMAT = dwarf;
				ENABLE_STRICT_OBJC_MSGSEND = YES;
				ENABLE_TESTABILITY = YES;
				GCC_C_LANGUAGE_STANDARD = gnu11;
				GCC_DYNAMIC_NO_PIC = NO;
				GCC_NO_COMMON_BLOCKS = YES;
				GCC_OPTIMIZATION_LEVEL = 0;
				GCC_PREPROCESSOR_DEFINITIONS = (
					"DEBUG=1",
					"$(inherited)",
				);
				GCC_WARN_64_TO_32_BIT_CONVERSION = YES;
				GCC_WARN_ABOUT_RETURN_TYPE = YES_ERROR;
				GCC_WARN_UNDECLARED_SELECTOR = YES;
				GCC_WARN_UNINITIALIZED_AUTOS = YES_AGGRESSIVE;
				GCC_WARN_UNUSED_FUNCTION = YES;
				GCC_WARN_UNUSED_VARIABLE = YES;
				MTL_ENABLE_DEBUG_INFO = INCLUDE_SOURCE;
				MTL_FAST_MATH = YES;
				ONLY_ACTIVE_ARCH = YES;
				SWIFT_ACTIVE_COMPILATION_CONDITIONS = DEBUG;
				SWIFT_OPTIMIZATION_LEVEL = "-Onone";
			};
			name = Debug;
		};
		88CF059D2607043F00F756D4 /* Release */ = {
			isa = XCBuildConfiguration;
			buildSettings = {
				ALWAYS_SEARCH_USER_PATHS = NO;
				CLANG_ANALYZER_NONNULL = YES;
				CLANG_ANALYZER_NUMBER_OBJECT_CONVERSION = YES_AGGRESSIVE;
				CLANG_CXX_LANGUAGE_STANDARD = "gnu++14";
				CLANG_CXX_LIBRARY = "libc++";
				CLANG_ENABLE_MODULES = YES;
				CLANG_ENABLE_OBJC_ARC = YES;
				CLANG_ENABLE_OBJC_WEAK = YES;
				CLANG_WARN_BLOCK_CAPTURE_AUTORELEASING = YES;
				CLANG_WARN_BOOL_CONVERSION = YES;
				CLANG_WARN_COMMA = YES;
				CLANG_WARN_CONSTANT_CONVERSION = YES;
				CLANG_WARN_DEPRECATED_OBJC_IMPLEMENTATIONS = YES;
				CLANG_WARN_DIRECT_OBJC_ISA_USAGE = YES_ERROR;
				CLANG_WARN_DOCUMENTATION_COMMENTS = YES;
				CLANG_WARN_EMPTY_BODY = YES;
				CLANG_WARN_ENUM_CONVERSION = YES;
				CLANG_WARN_INFINITE_RECURSION = YES;
				CLANG_WARN_INT_CONVERSION = YES;
				CLANG_WARN_NON_LITERAL_NULL_CONVERSION = YES;
				CLANG_WARN_OBJC_IMPLICIT_RETAIN_SELF = YES;
				CLANG_WARN_OBJC_LITERAL_CONVERSION = YES;
				CLANG_WARN_OBJC_ROOT_CLASS = YES_ERROR;
				CLANG_WARN_QUOTED_INCLUDE_IN_FRAMEWORK_HEADER = YES;
				CLANG_WARN_RANGE_LOOP_ANALYSIS = YES;
				CLANG_WARN_STRICT_PROTOTYPES = YES;
				CLANG_WARN_SUSPICIOUS_MOVE = YES;
				CLANG_WARN_UNGUARDED_AVAILABILITY = YES_AGGRESSIVE;
				CLANG_WARN_UNREACHABLE_CODE = YES;
				CLANG_WARN__DUPLICATE_METHOD_MATCH = YES;
				COPY_PHASE_STRIP = NO;
				DEBUG_INFORMATION_FORMAT = "dwarf-with-dsym";
				ENABLE_NS_ASSERTIONS = NO;
				ENABLE_STRICT_OBJC_MSGSEND = YES;
				GCC_C_LANGUAGE_STANDARD = gnu11;
				GCC_NO_COMMON_BLOCKS = YES;
				GCC_WARN_64_TO_32_BIT_CONVERSION = YES;
				GCC_WARN_ABOUT_RETURN_TYPE = YES_ERROR;
				GCC_WARN_UNDECLARED_SELECTOR = YES;
				GCC_WARN_UNINITIALIZED_AUTOS = YES_AGGRESSIVE;
				GCC_WARN_UNUSED_FUNCTION = YES;
				GCC_WARN_UNUSED_VARIABLE = YES;
				MTL_ENABLE_DEBUG_INFO = NO;
				MTL_FAST_MATH = YES;
				SWIFT_COMPILATION_MODE = wholemodule;
				SWIFT_OPTIMIZATION_LEVEL = "-O";
			};
			name = Release;
		};
		88CF059F2607043F00F756D4 /* Debug */ = {
			isa = XCBuildConfiguration;
			buildSettings = {
				ASSETCATALOG_COMPILER_APPICON_NAME = AppIcon;
				ASSETCATALOG_COMPILER_GLOBAL_ACCENT_COLOR_NAME = AccentColor;
				CODE_SIGN_ENTITLEMENTS = decibel.entitlements;
				CODE_SIGN_STYLE = Automatic;
				DEVELOPMENT_TEAM = DYDA38T7HA;
				ENABLE_PREVIEWS = YES;
				INFOPLIST_FILE = iOS/Info.plist;
				IPHONEOS_DEPLOYMENT_TARGET = 14.0;
				LD_RUNPATH_SEARCH_PATHS = (
					"$(inherited)",
					"@executable_path/Frameworks",
				);
				PRODUCT_BUNDLE_IDENTIFIER = org.tomasen.decibel;
				PRODUCT_NAME = decibel;
				SDKROOT = iphoneos;
				SUPPORTS_MACCATALYST = YES;
				SWIFT_VERSION = 5.0;
				TARGETED_DEVICE_FAMILY = "1,2,6";
			};
			name = Debug;
		};
		88CF05A02607043F00F756D4 /* Release */ = {
			isa = XCBuildConfiguration;
			buildSettings = {
				ASSETCATALOG_COMPILER_APPICON_NAME = AppIcon;
				ASSETCATALOG_COMPILER_GLOBAL_ACCENT_COLOR_NAME = AccentColor;
				CODE_SIGN_ENTITLEMENTS = decibel.entitlements;
				CODE_SIGN_STYLE = Automatic;
				DEVELOPMENT_TEAM = DYDA38T7HA;
				ENABLE_PREVIEWS = YES;
				INFOPLIST_FILE = iOS/Info.plist;
				IPHONEOS_DEPLOYMENT_TARGET = 14.0;
				LD_RUNPATH_SEARCH_PATHS = (
					"$(inherited)",
					"@executable_path/Frameworks",
				);
				PRODUCT_BUNDLE_IDENTIFIER = org.tomasen.decibel;
				PRODUCT_NAME = decibel;
				SDKROOT = iphoneos;
				SUPPORTS_MACCATALYST = YES;
				SWIFT_VERSION = 5.0;
				TARGETED_DEVICE_FAMILY = "1,2,6";
				VALIDATE_PRODUCT = YES;
			};
			name = Release;
		};
		88CF05A22607043F00F756D4 /* Debug */ = {
			isa = XCBuildConfiguration;
			buildSettings = {
				ASSETCATALOG_COMPILER_APPICON_NAME = AppIcon;
				ASSETCATALOG_COMPILER_GLOBAL_ACCENT_COLOR_NAME = AccentColor;
				CODE_SIGN_ENTITLEMENTS = macOS/macOS.entitlements;
				CODE_SIGN_STYLE = Automatic;
				COMBINE_HIDPI_IMAGES = YES;
				DEVELOPMENT_TEAM = DYDA38T7HA;
				ENABLE_HARDENED_RUNTIME = YES;
				ENABLE_PREVIEWS = YES;
				INFOPLIST_FILE = macOS/Info.plist;
				LD_RUNPATH_SEARCH_PATHS = (
					"$(inherited)",
					"@executable_path/../Frameworks",
				);
				MACOSX_DEPLOYMENT_TARGET = 11.0;
				PRODUCT_BUNDLE_IDENTIFIER = org.tomasen.decibel;
				PRODUCT_NAME = decibel;
				SDKROOT = macosx;
				SWIFT_VERSION = 5.0;
			};
			name = Debug;
		};
		88CF05A32607043F00F756D4 /* Release */ = {
			isa = XCBuildConfiguration;
			buildSettings = {
				ASSETCATALOG_COMPILER_APPICON_NAME = AppIcon;
				ASSETCATALOG_COMPILER_GLOBAL_ACCENT_COLOR_NAME = AccentColor;
				CODE_SIGN_ENTITLEMENTS = macOS/macOS.entitlements;
				CODE_SIGN_STYLE = Automatic;
				COMBINE_HIDPI_IMAGES = YES;
				DEVELOPMENT_TEAM = DYDA38T7HA;
				ENABLE_HARDENED_RUNTIME = YES;
				ENABLE_PREVIEWS = YES;
				INFOPLIST_FILE = macOS/Info.plist;
				LD_RUNPATH_SEARCH_PATHS = (
					"$(inherited)",
					"@executable_path/../Frameworks",
				);
				MACOSX_DEPLOYMENT_TARGET = 11.0;
				PRODUCT_BUNDLE_IDENTIFIER = org.tomasen.decibel;
				PRODUCT_NAME = decibel;
				SDKROOT = macosx;
				SWIFT_VERSION = 5.0;
			};
			name = Release;
		};
		88CF05A52607043F00F756D4 /* Debug */ = {
			isa = XCBuildConfiguration;
			buildSettings = {
				ALWAYS_EMBED_SWIFT_STANDARD_LIBRARIES = YES;
				CODE_SIGN_STYLE = Automatic;
				DEVELOPMENT_TEAM = DYDA38T7HA;
				INFOPLIST_FILE = "Tests iOS/Info.plist";
				IPHONEOS_DEPLOYMENT_TARGET = 14.4;
				LD_RUNPATH_SEARCH_PATHS = (
					"$(inherited)",
					"@executable_path/Frameworks",
					"@loader_path/Frameworks",
				);
				PRODUCT_BUNDLE_IDENTIFIER = "org.tomasen.Tests-iOS";
				PRODUCT_NAME = "$(TARGET_NAME)";
				SDKROOT = iphoneos;
				SWIFT_VERSION = 5.0;
				TARGETED_DEVICE_FAMILY = "1,2";
				TEST_TARGET_NAME = "decibel (iOS)";
			};
			name = Debug;
		};
		88CF05A62607043F00F756D4 /* Release */ = {
			isa = XCBuildConfiguration;
			buildSettings = {
				ALWAYS_EMBED_SWIFT_STANDARD_LIBRARIES = YES;
				CODE_SIGN_STYLE = Automatic;
				DEVELOPMENT_TEAM = DYDA38T7HA;
				INFOPLIST_FILE = "Tests iOS/Info.plist";
				IPHONEOS_DEPLOYMENT_TARGET = 14.4;
				LD_RUNPATH_SEARCH_PATHS = (
					"$(inherited)",
					"@executable_path/Frameworks",
					"@loader_path/Frameworks",
				);
				PRODUCT_BUNDLE_IDENTIFIER = "org.tomasen.Tests-iOS";
				PRODUCT_NAME = "$(TARGET_NAME)";
				SDKROOT = iphoneos;
				SWIFT_VERSION = 5.0;
				TARGETED_DEVICE_FAMILY = "1,2";
				TEST_TARGET_NAME = "decibel (iOS)";
				VALIDATE_PRODUCT = YES;
			};
			name = Release;
		};
		88CF05A82607043F00F756D4 /* Debug */ = {
			isa = XCBuildConfiguration;
			buildSettings = {
				ALWAYS_EMBED_SWIFT_STANDARD_LIBRARIES = YES;
				CODE_SIGN_STYLE = Automatic;
				COMBINE_HIDPI_IMAGES = YES;
				DEVELOPMENT_TEAM = DYDA38T7HA;
				INFOPLIST_FILE = "Tests macOS/Info.plist";
				LD_RUNPATH_SEARCH_PATHS = (
					"$(inherited)",
					"@executable_path/../Frameworks",
					"@loader_path/../Frameworks",
				);
				MACOSX_DEPLOYMENT_TARGET = 11.1;
				PRODUCT_BUNDLE_IDENTIFIER = "org.tomasen.Tests-macOS";
				PRODUCT_NAME = "$(TARGET_NAME)";
				SDKROOT = macosx;
				SWIFT_VERSION = 5.0;
				TEST_TARGET_NAME = "decibel (macOS)";
			};
			name = Debug;
		};
		88CF05A92607043F00F756D4 /* Release */ = {
			isa = XCBuildConfiguration;
			buildSettings = {
				ALWAYS_EMBED_SWIFT_STANDARD_LIBRARIES = YES;
				CODE_SIGN_STYLE = Automatic;
				COMBINE_HIDPI_IMAGES = YES;
				DEVELOPMENT_TEAM = DYDA38T7HA;
				INFOPLIST_FILE = "Tests macOS/Info.plist";
				LD_RUNPATH_SEARCH_PATHS = (
					"$(inherited)",
					"@executable_path/../Frameworks",
					"@loader_path/../Frameworks",
				);
				MACOSX_DEPLOYMENT_TARGET = 11.1;
				PRODUCT_BUNDLE_IDENTIFIER = "org.tomasen.Tests-macOS";
				PRODUCT_NAME = "$(TARGET_NAME)";
				SDKROOT = macosx;
				SWIFT_VERSION = 5.0;
				TEST_TARGET_NAME = "decibel (macOS)";
			};
			name = Release;
		};
/* End XCBuildConfiguration section */

/* Begin XCConfigurationList section */
		88CF05642607043E00F756D4 /* Build configuration list for PBXProject "decibel" */ = {
			isa = XCConfigurationList;
			buildConfigurations = (
				88CF059C2607043F00F756D4 /* Debug */,
				88CF059D2607043F00F756D4 /* Release */,
			);
			defaultConfigurationIsVisible = 0;
			defaultConfigurationName = Release;
		};
		88CF059E2607043F00F756D4 /* Build configuration list for PBXNativeTarget "decibel (iOS)" */ = {
			isa = XCConfigurationList;
			buildConfigurations = (
				88CF059F2607043F00F756D4 /* Debug */,
				88CF05A02607043F00F756D4 /* Release */,
			);
			defaultConfigurationIsVisible = 0;
			defaultConfigurationName = Release;
		};
		88CF05A12607043F00F756D4 /* Build configuration list for PBXNativeTarget "decibel (macOS)" */ = {
			isa = XCConfigurationList;
			buildConfigurations = (
				88CF05A22607043F00F756D4 /* Debug */,
				88CF05A32607043F00F756D4 /* Release */,
			);
			defaultConfigurationIsVisible = 0;
			defaultConfigurationName = Release;
		};
		88CF05A42607043F00F756D4 /* Build configuration list for PBXNativeTarget "Tests iOS" */ = {
			isa = XCConfigurationList;
			buildConfigurations = (
				88CF05A52607043F00F756D4 /* Debug */,
				88CF05A62607043F00F756D4 /* Release */,
			);
			defaultConfigurationIsVisible = 0;
			defaultConfigurationName = Release;
		};
		88CF05A72607043F00F756D4 /* Build configuration list for PBXNativeTarget "Tests macOS" */ = {
			isa = XCConfigurationList;
			buildConfigurations = (
				88CF05A82607043F00F756D4 /* Debug */,
				88CF05A92607043F00F756D4 /* Release */,
			);
			defaultConfigurationIsVisible = 0;
			defaultConfigurationName = Release;
		};
/* End XCConfigurationList section */

/* Begin XCVersionGroup section */
		88CF05662607043E00F756D4 /* decibel.xcdatamodeld */ = {
			isa = XCVersionGroup;
			children = (
				88CF05672607043E00F756D4 /* Shared.xcdatamodel */,
			);
			currentVersion = 88CF05672607043E00F756D4 /* Shared.xcdatamodel */;
			path = decibel.xcdatamodeld;
			sourceTree = "<group>";
			versionGroupType = wrapper.xcdatamodel;
		};
/* End XCVersionGroup section */
	};
	rootObject = 88CF05612607043E00F756D4 /* Project object */;
}
